
Microsoft Visual Studio Solution File, Format Version 12.00
# Visual Studio 2013
VisualStudioVersion = 12.0.21005.1
MinimumVisualStudioVersion = 10.0.40219.1
Project("{8BC9CEB8-8B4A-11D0-8D11-00A0C91BC942}") = "Public", "Public\Public.vcxproj", "{0BF5B614-DABD-4B49-AB39-0AD6CD1B03FB}"
EndProject
Global
	GlobalSection(SolutionConfigurationPlatforms) = preSolution
		Debug|Win32 = Debug|Win32
		Release|Win32 = Release|Win32
	EndGlobalSection
	GlobalSection(ProjectConfigurationPlatforms) = postSolution
		{0BF5B614-DABD-4B49-AB39-0AD6CD1B03FB}.Debug|Win32.ActiveCfg = Debug|Win32
		{0BF5B614-DABD-4B49-AB39-0AD6CD1B03FB}.Debug|Win32.Build.0 = Debug|Win32
		{0BF5B614-DABD-4B49-AB39-0AD6CD1B03FB}.Release|Win32.ActiveCfg = Release|Win32
		{0BF5B614-DABD-4B49-AB39-0AD6CD1B03FB}.Release|Win32.Build.0 = Release|Win32
	EndGlobalSection
	GlobalSection(SolutionProperties) = preSolution
		HideSolutionNode = FALSE
	EndGlobalSection
EndGlobal
